
Microsoft Visual Studio Solution File, Format Version 12.00
# Visual Studio 2013
VisualStudioVersion = 12.0.21005.1
MinimumVisualStudioVersion = 10.0.40219.1
Project("{FAE04EC0-301F-11D3-BF4B-00C04F79EFBC}") = "TinaShopV2", "TinaShopV2\TinaShopV2.csproj", "{F3A82B51-48B7-4107-96D4-7EAAB9BA68A6}"
EndProject
Project("{FAE04EC0-301F-11D3-BF4B-00C04F79EFBC}") = "TinaTest", "TinaTest\TinaTest.csproj", "{274F2193-28CC-4BE6-A3F4-C2CF9CD3929A}"
EndProject
Global
	GlobalSection(SolutionConfigurationPlatforms) = preSolution
		Debug|Any CPU = Debug|Any CPU
		Release|Any CPU = Release|Any CPU
	EndGlobalSection
	GlobalSection(ProjectConfigurationPlatforms) = postSolution
		{F3A82B51-48B7-4107-96D4-7EAAB9BA68A6}.Debug|Any CPU.ActiveCfg = Debug|Any CPU
		{F3A82B51-48B7-4107-96D4-7EAAB9BA68A6}.Debug|Any CPU.Build.0 = Debug|Any CPU
		{F3A82B51-48B7-4107-96D4-7EAAB9BA68A6}.Release|Any CPU.ActiveCfg = Release|Any CPU
		{F3A82B51-48B7-4107-96D4-7EAAB9BA68A6}.Release|Any CPU.Build.0 = Release|Any CPU
		{274F2193-28CC-4BE6-A3F4-C2CF9CD3929A}.Debug|Any CPU.ActiveCfg = Debug|Any CPU
		{274F2193-28CC-4BE6-A3F4-C2CF9CD3929A}.Debug|Any CPU.Build.0 = Debug|Any CPU
		{274F2193-28CC-4BE6-A3F4-C2CF9CD3929A}.Release|Any CPU.ActiveCfg = Release|Any CPU
		{274F2193-28CC-4BE6-A3F4-C2CF9CD3929A}.Release|Any CPU.Build.0 = Release|Any CPU
	EndGlobalSection
	GlobalSection(SolutionProperties) = preSolution
		HideSolutionNode = FALSE
	EndGlobalSection
EndGlobal
